// !$*UTF8*$!
{
	archiveVersion = 1;
	classes = {
	};
	objectVersion = 50;
	objects = {

/* Begin PBXBuildFile section */
		222C9F1925C5A8270008650F /* InsetFactView.swift in Sources */ = {isa = PBXBuildFile; fileRef = 222C9F1825C5A8270008650F /* InsetFactView.swift */; };
		222C9F1C25C5AB510008650F /* InsetMapView.swift in Sources */ = {isa = PBXBuildFile; fileRef = 222C9F1B25C5AB510008650F /* InsetMapView.swift */; };
		222C9F1F25C5AF120008650F /* ExternalWeblinkView.swift in Sources */ = {isa = PBXBuildFile; fileRef = 222C9F1E25C5AF120008650F /* ExternalWeblinkView.swift */; };
		22BE5E7025CFF6DA0040720E /* VideoModel.swift in Sources */ = {isa = PBXBuildFile; fileRef = 22BE5E6F25CFF6DA0040720E /* VideoModel.swift */; };
		22BE5E7325CFF7430040720E /* VideoListItemView.swift in Sources */ = {isa = PBXBuildFile; fileRef = 22BE5E7225CFF7430040720E /* VideoListItemView.swift */; };
		22DE5A7825B2CE9D006B6D51 /* CoverImageView.swift in Sources */ = {isa = PBXBuildFile; fileRef = 22DE5A7725B2CE9D006B6D51 /* CoverImageView.swift */; };
		22DE5A7C25B2D0E3006B6D51 /* CoverImageModel.swift in Sources */ = {isa = PBXBuildFile; fileRef = 22DE5A7B25B2D0E3006B6D51 /* CoverImageModel.swift */; };
		22DE5A8125B2D375006B6D51 /* CodableBundleExtension.swift in Sources */ = {isa = PBXBuildFile; fileRef = 22DE5A8025B2D375006B6D51 /* CodableBundleExtension.swift */; };
		22DE5A8425B2DA44006B6D51 /* AnimalListItemView.swift in Sources */ = {isa = PBXBuildFile; fileRef = 22DE5A8325B2DA44006B6D51 /* AnimalListItemView.swift */; };
		22DE5A8725B2DB78006B6D51 /* AnimalModel.swift in Sources */ = {isa = PBXBuildFile; fileRef = 22DE5A8625B2DB78006B6D51 /* AnimalModel.swift */; };
		22DE5A8E25B33416006B6D51 /* AnimalDetailView.swift in Sources */ = {isa = PBXBuildFile; fileRef = 22DE5A8D25B33416006B6D51 /* AnimalDetailView.swift */; };
		22DE5A9125B33603006B6D51 /* HeadingView.swift in Sources */ = {isa = PBXBuildFile; fileRef = 22DE5A9025B33603006B6D51 /* HeadingView.swift */; };
		22DE5A9425B338AA006B6D51 /* InsetGalleryView.swift in Sources */ = {isa = PBXBuildFile; fileRef = 22DE5A9325B338AA006B6D51 /* InsetGalleryView.swift */; };
		22EE429325B07F54004C430C /* AfricaApp.swift in Sources */ = {isa = PBXBuildFile; fileRef = 22EE429225B07F54004C430C /* AfricaApp.swift */; };
		22EE429525B07F54004C430C /* ContentView.swift in Sources */ = {isa = PBXBuildFile; fileRef = 22EE429425B07F54004C430C /* ContentView.swift */; };
		22EE429725B07F54004C430C /* Assets.xcassets in Resources */ = {isa = PBXBuildFile; fileRef = 22EE429625B07F54004C430C /* Assets.xcassets */; };
		22EE429A25B07F54004C430C /* Preview Assets.xcassets in Resources */ = {isa = PBXBuildFile; fileRef = 22EE429925B07F54004C430C /* Preview Assets.xcassets */; };
		22EE42AE25B08130004C430C /* giraffe.mp4 in Resources */ = {isa = PBXBuildFile; fileRef = 22EE42A425B0812D004C430C /* giraffe.mp4 */; };
		22EE42AF25B08130004C430C /* ostrich.mp4 in Resources */ = {isa = PBXBuildFile; fileRef = 22EE42A525B0812D004C430C /* ostrich.mp4 */; };
		22EE42B025B08130004C430C /* gorilla.mp4 in Resources */ = {isa = PBXBuildFile; fileRef = 22EE42A625B0812E004C430C /* gorilla.mp4 */; };
		22EE42B125B08130004C430C /* elephant.mp4 in Resources */ = {isa = PBXBuildFile; fileRef = 22EE42A725B0812E004C430C /* elephant.mp4 */; };
		22EE42B225B08130004C430C /* hippo.mp4 in Resources */ = {isa = PBXBuildFile; fileRef = 22EE42A825B0812E004C430C /* hippo.mp4 */; };
		22EE42B325B08130004C430C /* cheetah.mp4 in Resources */ = {isa = PBXBuildFile; fileRef = 22EE42A925B0812E004C430C /* cheetah.mp4 */; };
		22EE42B425B08130004C430C /* lioness.mp4 in Resources */ = {isa = PBXBuildFile; fileRef = 22EE42AA25B0812F004C430C /* lioness.mp4 */; };
		22EE42B525B08130004C430C /* zebra.mp4 in Resources */ = {isa = PBXBuildFile; fileRef = 22EE42AB25B0812F004C430C /* zebra.mp4 */; };
		22EE42B625B08130004C430C /* lion.mp4 in Resources */ = {isa = PBXBuildFile; fileRef = 22EE42AC25B0812F004C430C /* lion.mp4 */; };
		22EE42B725B08130004C430C /* rhino.mp4 in Resources */ = {isa = PBXBuildFile; fileRef = 22EE42AD25B08130004C430C /* rhino.mp4 */; };
		22EE42BE25B0816A004C430C /* locations.json in Resources */ = {isa = PBXBuildFile; fileRef = 22EE42BA25B08169004C430C /* locations.json */; };
		22EE42BF25B0816A004C430C /* covers.json in Resources */ = {isa = PBXBuildFile; fileRef = 22EE42BB25B08169004C430C /* covers.json */; };
		22EE42C025B0816A004C430C /* videos.json in Resources */ = {isa = PBXBuildFile; fileRef = 22EE42BC25B0816A004C430C /* videos.json */; };
		22EE42C125B0816A004C430C /* animals.json in Resources */ = {isa = PBXBuildFile; fileRef = 22EE42BD25B0816A004C430C /* animals.json */; };
		22EE42C525B08385004C430C /* VideoListView.swift in Sources */ = {isa = PBXBuildFile; fileRef = 22EE42C425B08385004C430C /* VideoListView.swift */; };
		22EE42C825B0839F004C430C /* MapView.swift in Sources */ = {isa = PBXBuildFile; fileRef = 22EE42C725B0839F004C430C /* MapView.swift */; };
		22EE42CB25B083AC004C430C /* GalleryView.swift in Sources */ = {isa = PBXBuildFile; fileRef = 22EE42CA25B083AC004C430C /* GalleryView.swift */; };
		22EE42CE25B083BE004C430C /* MainView.swift in Sources */ = {isa = PBXBuildFile; fileRef = 22EE42CD25B083BE004C430C /* MainView.swift */; };
/* End PBXBuildFile section */

/* Begin PBXFileReference section */
		222C9F1825C5A8270008650F /* InsetFactView.swift */ = {isa = PBXFileReference; lastKnownFileType = sourcecode.swift; path = InsetFactView.swift; sourceTree = "<group>"; };
		222C9F1B25C5AB510008650F /* InsetMapView.swift */ = {isa = PBXFileReference; lastKnownFileType = sourcecode.swift; path = InsetMapView.swift; sourceTree = "<group>"; };
		222C9F1E25C5AF120008650F /* ExternalWeblinkView.swift */ = {isa = PBXFileReference; lastKnownFileType = sourcecode.swift; path = ExternalWeblinkView.swift; sourceTree = "<group>"; };
		22BE5E6F25CFF6DA0040720E /* VideoModel.swift */ = {isa = PBXFileReference; lastKnownFileType = sourcecode.swift; path = VideoModel.swift; sourceTree = "<group>"; };
		22BE5E7225CFF7430040720E /* VideoListItemView.swift */ = {isa = PBXFileReference; lastKnownFileType = sourcecode.swift; path = VideoListItemView.swift; sourceTree = "<group>"; };
		22DE5A7725B2CE9D006B6D51 /* CoverImageView.swift */ = {isa = PBXFileReference; lastKnownFileType = sourcecode.swift; path = CoverImageView.swift; sourceTree = "<group>"; };
		22DE5A7B25B2D0E3006B6D51 /* CoverImageModel.swift */ = {isa = PBXFileReference; lastKnownFileType = sourcecode.swift; path = CoverImageModel.swift; sourceTree = "<group>"; };
		22DE5A8025B2D375006B6D51 /* CodableBundleExtension.swift */ = {isa = PBXFileReference; lastKnownFileType = sourcecode.swift; path = CodableBundleExtension.swift; sourceTree = "<group>"; };
		22DE5A8325B2DA44006B6D51 /* AnimalListItemView.swift */ = {isa = PBXFileReference; lastKnownFileType = sourcecode.swift; path = AnimalListItemView.swift; sourceTree = "<group>"; };
		22DE5A8625B2DB78006B6D51 /* AnimalModel.swift */ = {isa = PBXFileReference; lastKnownFileType = sourcecode.swift; path = AnimalModel.swift; sourceTree = "<group>"; };
		22DE5A8D25B33416006B6D51 /* AnimalDetailView.swift */ = {isa = PBXFileReference; lastKnownFileType = sourcecode.swift; path = AnimalDetailView.swift; sourceTree = "<group>"; };
		22DE5A9025B33603006B6D51 /* HeadingView.swift */ = {isa = PBXFileReference; lastKnownFileType = sourcecode.swift; path = HeadingView.swift; sourceTree = "<group>"; };
		22DE5A9325B338AA006B6D51 /* InsetGalleryView.swift */ = {isa = PBXFileReference; lastKnownFileType = sourcecode.swift; path = InsetGalleryView.swift; sourceTree = "<group>"; };
		22EE428F25B07F54004C430C /* Africa.app */ = {isa = PBXFileReference; explicitFileType = wrapper.application; includeInIndex = 0; path = Africa.app; sourceTree = BUILT_PRODUCTS_DIR; };
		22EE429225B07F54004C430C /* AfricaApp.swift */ = {isa = PBXFileReference; lastKnownFileType = sourcecode.swift; path = AfricaApp.swift; sourceTree = "<group>"; };
		22EE429425B07F54004C430C /* ContentView.swift */ = {isa = PBXFileReference; lastKnownFileType = sourcecode.swift; path = ContentView.swift; sourceTree = "<group>"; };
		22EE429625B07F54004C430C /* Assets.xcassets */ = {isa = PBXFileReference; lastKnownFileType = folder.assetcatalog; path = Assets.xcassets; sourceTree = "<group>"; };
		22EE429925B07F54004C430C /* Preview Assets.xcassets */ = {isa = PBXFileReference; lastKnownFileType = folder.assetcatalog; path = "Preview Assets.xcassets"; sourceTree = "<group>"; };
		22EE429B25B07F54004C430C /* Info.plist */ = {isa = PBXFileReference; lastKnownFileType = text.plist.xml; path = Info.plist; sourceTree = "<group>"; };
		22EE42A425B0812D004C430C /* giraffe.mp4 */ = {isa = PBXFileReference; lastKnownFileType = file; path = giraffe.mp4; sourceTree = "<group>"; };
		22EE42A525B0812D004C430C /* ostrich.mp4 */ = {isa = PBXFileReference; lastKnownFileType = file; path = ostrich.mp4; sourceTree = "<group>"; };
		22EE42A625B0812E004C430C /* gorilla.mp4 */ = {isa = PBXFileReference; lastKnownFileType = file; path = gorilla.mp4; sourceTree = "<group>"; };
		22EE42A725B0812E004C430C /* elephant.mp4 */ = {isa = PBXFileReference; lastKnownFileType = file; path = elephant.mp4; sourceTree = "<group>"; };
		22EE42A825B0812E004C430C /* hippo.mp4 */ = {isa = PBXFileReference; lastKnownFileType = file; path = hippo.mp4; sourceTree = "<group>"; };
		22EE42A925B0812E004C430C /* cheetah.mp4 */ = {isa = PBXFileReference; lastKnownFileType = file; path = cheetah.mp4; sourceTree = "<group>"; };
		22EE42AA25B0812F004C430C /* lioness.mp4 */ = {isa = PBXFileReference; lastKnownFileType = file; path = lioness.mp4; sourceTree = "<group>"; };
		22EE42AB25B0812F004C430C /* zebra.mp4 */ = {isa = PBXFileReference; lastKnownFileType = file; path = zebra.mp4; sourceTree = "<group>"; };
		22EE42AC25B0812F004C430C /* lion.mp4 */ = {isa = PBXFileReference; lastKnownFileType = file; path = lion.mp4; sourceTree = "<group>"; };
		22EE42AD25B08130004C430C /* rhino.mp4 */ = {isa = PBXFileReference; lastKnownFileType = file; path = rhino.mp4; sourceTree = "<group>"; };
		22EE42BA25B08169004C430C /* locations.json */ = {isa = PBXFileReference; fileEncoding = 4; lastKnownFileType = text.json; path = locations.json; sourceTree = "<group>"; };
		22EE42BB25B08169004C430C /* covers.json */ = {isa = PBXFileReference; fileEncoding = 4; lastKnownFileType = text.json; path = covers.json; sourceTree = "<group>"; };
		22EE42BC25B0816A004C430C /* videos.json */ = {isa = PBXFileReference; fileEncoding = 4; lastKnownFileType = text.json; path = videos.json; sourceTree = "<group>"; };
		22EE42BD25B0816A004C430C /* animals.json */ = {isa = PBXFileReference; fileEncoding = 4; lastKnownFileType = text.json; path = animals.json; sourceTree = "<group>"; };
		22EE42C425B08385004C430C /* VideoListView.swift */ = {isa = PBXFileReference; lastKnownFileType = sourcecode.swift; path = VideoListView.swift; sourceTree = "<group>"; };
		22EE42C725B0839F004C430C /* MapView.swift */ = {isa = PBXFileReference; lastKnownFileType = sourcecode.swift; path = MapView.swift; sourceTree = "<group>"; };
		22EE42CA25B083AC004C430C /* GalleryView.swift */ = {isa = PBXFileReference; lastKnownFileType = sourcecode.swift; path = GalleryView.swift; sourceTree = "<group>"; };
		22EE42CD25B083BE004C430C /* MainView.swift */ = {isa = PBXFileReference; lastKnownFileType = sourcecode.swift; path = MainView.swift; sourceTree = "<group>"; };
/* End PBXFileReference section */

/* Begin PBXFrameworksBuildPhase section */
		22EE428C25B07F54004C430C /* Frameworks */ = {
			isa = PBXFrameworksBuildPhase;
			buildActionMask = 2147483647;
			files = (
			);
			runOnlyForDeploymentPostprocessing = 0;
		};
/* End PBXFrameworksBuildPhase section */

/* Begin PBXGroup section */
		22DE5A7625B2CE84006B6D51 /* View */ = {
			isa = PBXGroup;
			children = (
				22DE5A7725B2CE9D006B6D51 /* CoverImageView.swift */,
				22DE5A8325B2DA44006B6D51 /* AnimalListItemView.swift */,
				22DE5A8D25B33416006B6D51 /* AnimalDetailView.swift */,
				22DE5A9025B33603006B6D51 /* HeadingView.swift */,
				22DE5A9325B338AA006B6D51 /* InsetGalleryView.swift */,
				222C9F1825C5A8270008650F /* InsetFactView.swift */,
				222C9F1B25C5AB510008650F /* InsetMapView.swift */,
				222C9F1E25C5AF120008650F /* ExternalWeblinkView.swift */,
				22BE5E7225CFF7430040720E /* VideoListItemView.swift */,
			);
			path = View;
			sourceTree = "<group>";
		};
		22DE5A7A25B2D0AA006B6D51 /* Model */ = {
			isa = PBXGroup;
			children = (
				22DE5A7B25B2D0E3006B6D51 /* CoverImageModel.swift */,
				22DE5A8625B2DB78006B6D51 /* AnimalModel.swift */,
				22BE5E6F25CFF6DA0040720E /* VideoModel.swift */,
			);
			path = Model;
			sourceTree = "<group>";
		};
		22DE5A7F25B2D367006B6D51 /* Extension */ = {
			isa = PBXGroup;
			children = (
				22DE5A8025B2D375006B6D51 /* CodableBundleExtension.swift */,
			);
			path = Extension;
			sourceTree = "<group>";
		};
		22EE428625B07F54004C430C = {
			isa = PBXGroup;
			children = (
				22EE429125B07F54004C430C /* Africa */,
				22EE429025B07F54004C430C /* Products */,
			);
			sourceTree = "<group>";
		};
		22EE429025B07F54004C430C /* Products */ = {
			isa = PBXGroup;
			children = (
				22EE428F25B07F54004C430C /* Africa.app */,
			);
			name = Products;
			sourceTree = "<group>";
		};
		22EE429125B07F54004C430C /* Africa */ = {
			isa = PBXGroup;
			children = (
				22DE5A7F25B2D367006B6D51 /* Extension */,
				22EE42B925B0815A004C430C /* Data */,
				22EE42A325B08108004C430C /* Video */,
				22EE42C325B0833C004C430C /* App */,
				22DE5A7625B2CE84006B6D51 /* View */,
				22DE5A7A25B2D0AA006B6D51 /* Model */,
				22EE429625B07F54004C430C /* Assets.xcassets */,
				22EE429B25B07F54004C430C /* Info.plist */,
				22EE429825B07F54004C430C /* Preview Content */,
			);
			path = Africa;
			sourceTree = "<group>";
		};
		22EE429825B07F54004C430C /* Preview Content */ = {
			isa = PBXGroup;
			children = (
				22EE429925B07F54004C430C /* Preview Assets.xcassets */,
			);
			path = "Preview Content";
			sourceTree = "<group>";
		};
		22EE42A325B08108004C430C /* Video */ = {
			isa = PBXGroup;
			children = (
				22EE42A925B0812E004C430C /* cheetah.mp4 */,
				22EE42A725B0812E004C430C /* elephant.mp4 */,
				22EE42A425B0812D004C430C /* giraffe.mp4 */,
				22EE42A625B0812E004C430C /* gorilla.mp4 */,
				22EE42A825B0812E004C430C /* hippo.mp4 */,
				22EE42AC25B0812F004C430C /* lion.mp4 */,
				22EE42AA25B0812F004C430C /* lioness.mp4 */,
				22EE42A525B0812D004C430C /* ostrich.mp4 */,
				22EE42AD25B08130004C430C /* rhino.mp4 */,
				22EE42AB25B0812F004C430C /* zebra.mp4 */,
			);
			path = Video;
			sourceTree = "<group>";
		};
		22EE42B925B0815A004C430C /* Data */ = {
			isa = PBXGroup;
			children = (
				22EE42BD25B0816A004C430C /* animals.json */,
				22EE42BB25B08169004C430C /* covers.json */,
				22EE42BA25B08169004C430C /* locations.json */,
				22EE42BC25B0816A004C430C /* videos.json */,
			);
			path = Data;
			sourceTree = "<group>";
		};
		22EE42C325B0833C004C430C /* App */ = {
			isa = PBXGroup;
			children = (
				22EE429225B07F54004C430C /* AfricaApp.swift */,
				22EE429425B07F54004C430C /* ContentView.swift */,
				22EE42C425B08385004C430C /* VideoListView.swift */,
				22EE42C725B0839F004C430C /* MapView.swift */,
				22EE42CA25B083AC004C430C /* GalleryView.swift */,
				22EE42CD25B083BE004C430C /* MainView.swift */,
			);
			path = App;
			sourceTree = "<group>";
		};
/* End PBXGroup section */

/* Begin PBXNativeTarget section */
		22EE428E25B07F54004C430C /* Africa */ = {
			isa = PBXNativeTarget;
			buildConfigurationList = 22EE429E25B07F54004C430C /* Build configuration list for PBXNativeTarget "Africa" */;
			buildPhases = (
				22EE428B25B07F54004C430C /* Sources */,
				22EE428C25B07F54004C430C /* Frameworks */,
				22EE428D25B07F54004C430C /* Resources */,
			);
			buildRules = (
			);
			dependencies = (
			);
			name = Africa;
			productName = Africa;
			productReference = 22EE428F25B07F54004C430C /* Africa.app */;
			productType = "com.apple.product-type.application";
		};
/* End PBXNativeTarget section */

/* Begin PBXProject section */
		22EE428725B07F54004C430C /* Project object */ = {
			isa = PBXProject;
			attributes = {
				LastSwiftUpdateCheck = 1230;
				LastUpgradeCheck = 1230;
				TargetAttributes = {
					22EE428E25B07F54004C430C = {
						CreatedOnToolsVersion = 12.3;
					};
				};
			};
			buildConfigurationList = 22EE428A25B07F54004C430C /* Build configuration list for PBXProject "Africa" */;
			compatibilityVersion = "Xcode 9.3";
			developmentRegion = en;
			hasScannedForEncodings = 0;
			knownRegions = (
				en,
				Base,
			);
			mainGroup = 22EE428625B07F54004C430C;
			productRefGroup = 22EE429025B07F54004C430C /* Products */;
			projectDirPath = "";
			projectRoot = "";
			targets = (
				22EE428E25B07F54004C430C /* Africa */,
			);
		};
/* End PBXProject section */

/* Begin PBXResourcesBuildPhase section */
		22EE428D25B07F54004C430C /* Resources */ = {
			isa = PBXResourcesBuildPhase;
			buildActionMask = 2147483647;
			files = (
				22EE42BE25B0816A004C430C /* locations.json in Resources */,
				22EE42B725B08130004C430C /* rhino.mp4 in Resources */,
				22EE42C025B0816A004C430C /* videos.json in Resources */,
				22EE429A25B07F54004C430C /* Preview Assets.xcassets in Resources */,
				22EE429725B07F54004C430C /* Assets.xcassets in Resources */,
				22EE42B425B08130004C430C /* lioness.mp4 in Resources */,
				22EE42B225B08130004C430C /* hippo.mp4 in Resources */,
				22EE42B125B08130004C430C /* elephant.mp4 in Resources */,
				22EE42BF25B0816A004C430C /* covers.json in Resources */,
				22EE42C125B0816A004C430C /* animals.json in Resources */,
				22EE42B325B08130004C430C /* cheetah.mp4 in Resources */,
				22EE42B525B08130004C430C /* zebra.mp4 in Resources */,
				22EE42B025B08130004C430C /* gorilla.mp4 in Resources */,
				22EE42B625B08130004C430C /* lion.mp4 in Resources */,
				22EE42AF25B08130004C430C /* ostrich.mp4 in Resources */,
				22EE42AE25B08130004C430C /* giraffe.mp4 in Resources */,
			);
			runOnlyForDeploymentPostprocessing = 0;
		};
/* End PBXResourcesBuildPhase section */

/* Begin PBXSourcesBuildPhase section */
		22EE428B25B07F54004C430C /* Sources */ = {
			isa = PBXSourcesBuildPhase;
			buildActionMask = 2147483647;
			files = (
				222C9F1F25C5AF120008650F /* ExternalWeblinkView.swift in Sources */,
				22EE429525B07F54004C430C /* ContentView.swift in Sources */,
				22DE5A8425B2DA44006B6D51 /* AnimalListItemView.swift in Sources */,
				22EE42CE25B083BE004C430C /* MainView.swift in Sources */,
				222C9F1925C5A8270008650F /* InsetFactView.swift in Sources */,
				22DE5A7825B2CE9D006B6D51 /* CoverImageView.swift in Sources */,
				22DE5A7C25B2D0E3006B6D51 /* CoverImageModel.swift in Sources */,
				22DE5A8E25B33416006B6D51 /* AnimalDetailView.swift in Sources */,
				22DE5A8725B2DB78006B6D51 /* AnimalModel.swift in Sources */,
				22EE42C825B0839F004C430C /* MapView.swift in Sources */,
				222C9F1C25C5AB510008650F /* InsetMapView.swift in Sources */,
				22EE429325B07F54004C430C /* AfricaApp.swift in Sources */,
				22EE42C525B08385004C430C /* VideoListView.swift in Sources */,
				22BE5E7025CFF6DA0040720E /* VideoModel.swift in Sources */,
				22EE42CB25B083AC004C430C /* GalleryView.swift in Sources */,
				22DE5A9425B338AA006B6D51 /* InsetGalleryView.swift in Sources */,
				22BE5E7325CFF7430040720E /* VideoListItemView.swift in Sources */,
				22DE5A8125B2D375006B6D51 /* CodableBundleExtension.swift in Sources */,
				22DE5A9125B33603006B6D51 /* HeadingView.swift in Sources */,
			);
			runOnlyForDeploymentPostprocessing = 0;
		};
/* End PBXSourcesBuildPhase section */

/* Begin XCBuildConfiguration section */
		22EE429C25B07F54004C430C /* Debug */ = {
			isa = XCBuildConfiguration;
			buildSettings = {
				ALWAYS_SEARCH_USER_PATHS = NO;
				CLANG_ANALYZER_NONNULL = YES;
				CLANG_ANALYZER_NUMBER_OBJECT_CONVERSION = YES_AGGRESSIVE;
				CLANG_CXX_LANGUAGE_STANDARD = "gnu++14";
				CLANG_CXX_LIBRARY = "libc++";
				CLANG_ENABLE_MODULES = YES;
				CLANG_ENABLE_OBJC_ARC = YES;
				CLANG_ENABLE_OBJC_WEAK = YES;
				CLANG_WARN_BLOCK_CAPTURE_AUTORELEASING = YES;
				CLANG_WARN_BOOL_CONVERSION = YES;
				CLANG_WARN_COMMA = YES;
				CLANG_WARN_CONSTANT_CONVERSION = YES;
				CLANG_WARN_DEPRECATED_OBJC_IMPLEMENTATIONS = YES;
				CLANG_WARN_DIRECT_OBJC_ISA_USAGE = YES_ERROR;
				CLANG_WARN_DOCUMENTATION_COMMENTS = YES;
				CLANG_WARN_EMPTY_BODY = YES;
				CLANG_WARN_ENUM_CONVERSION = YES;
				CLANG_WARN_INFINITE_RECURSION = YES;
				CLANG_WARN_INT_CONVERSION = YES;
				CLANG_WARN_NON_LITERAL_NULL_CONVERSION = YES;
				CLANG_WARN_OBJC_IMPLICIT_RETAIN_SELF = YES;
				CLANG_WARN_OBJC_LITERAL_CONVERSION = YES;
				CLANG_WARN_OBJC_ROOT_CLASS = YES_ERROR;
				CLANG_WARN_QUOTED_INCLUDE_IN_FRAMEWORK_HEADER = YES;
				CLANG_WARN_RANGE_LOOP_ANALYSIS = YES;
				CLANG_WARN_STRICT_PROTOTYPES = YES;
				CLANG_WARN_SUSPICIOUS_MOVE = YES;
				CLANG_WARN_UNGUARDED_AVAILABILITY = YES_AGGRESSIVE;
				CLANG_WARN_UNREACHABLE_CODE = YES;
				CLANG_WARN__DUPLICATE_METHOD_MATCH = YES;
				COPY_PHASE_STRIP = NO;
				DEBUG_INFORMATION_FORMAT = dwarf;
				ENABLE_STRICT_OBJC_MSGSEND = YES;
				ENABLE_TESTABILITY = YES;
				GCC_C_LANGUAGE_STANDARD = gnu11;
				GCC_DYNAMIC_NO_PIC = NO;
				GCC_NO_COMMON_BLOCKS = YES;
				GCC_OPTIMIZATION_LEVEL = 0;
				GCC_PREPROCESSOR_DEFINITIONS = (
					"DEBUG=1",
					"$(inherited)",
				);
				GCC_WARN_64_TO_32_BIT_CONVERSION = YES;
				GCC_WARN_ABOUT_RETURN_TYPE = YES_ERROR;
				GCC_WARN_UNDECLARED_SELECTOR = YES;
				GCC_WARN_UNINITIALIZED_AUTOS = YES_AGGRESSIVE;
				GCC_WARN_UNUSED_FUNCTION = YES;
				GCC_WARN_UNUSED_VARIABLE = YES;
				IPHONEOS_DEPLOYMENT_TARGET = 14.3;
				MTL_ENABLE_DEBUG_INFO = INCLUDE_SOURCE;
				MTL_FAST_MATH = YES;
				ONLY_ACTIVE_ARCH = YES;
				SDKROOT = iphoneos;
				SWIFT_ACTIVE_COMPILATION_CONDITIONS = DEBUG;
				SWIFT_OPTIMIZATION_LEVEL = "-Onone";
			};
			name = Debug;
		};
		22EE429D25B07F54004C430C /* Release */ = {
			isa = XCBuildConfiguration;
			buildSettings = {
				ALWAYS_SEARCH_USER_PATHS = NO;
				CLANG_ANALYZER_NONNULL = YES;
				CLANG_ANALYZER_NUMBER_OBJECT_CONVERSION = YES_AGGRESSIVE;
				CLANG_CXX_LANGUAGE_STANDARD = "gnu++14";
				CLANG_CXX_LIBRARY = "libc++";
				CLANG_ENABLE_MODULES = YES;
				CLANG_ENABLE_OBJC_ARC = YES;
				CLANG_ENABLE_OBJC_WEAK = YES;
				CLANG_WARN_BLOCK_CAPTURE_AUTORELEASING = YES;
				CLANG_WARN_BOOL_CONVERSION = YES;
				CLANG_WARN_COMMA = YES;
				CLANG_WARN_CONSTANT_CONVERSION = YES;
				CLANG_WARN_DEPRECATED_OBJC_IMPLEMENTATIONS = YES;
				CLANG_WARN_DIRECT_OBJC_ISA_USAGE = YES_ERROR;
				CLANG_WARN_DOCUMENTATION_COMMENTS = YES;
				CLANG_WARN_EMPTY_BODY = YES;
				CLANG_WARN_ENUM_CONVERSION = YES;
				CLANG_WARN_INFINITE_RECURSION = YES;
				CLANG_WARN_INT_CONVERSION = YES;
				CLANG_WARN_NON_LITERAL_NULL_CONVERSION = YES;
				CLANG_WARN_OBJC_IMPLICIT_RETAIN_SELF = YES;
				CLANG_WARN_OBJC_LITERAL_CONVERSION = YES;
				CLANG_WARN_OBJC_ROOT_CLASS = YES_ERROR;
				CLANG_WARN_QUOTED_INCLUDE_IN_FRAMEWORK_HEADER = YES;
				CLANG_WARN_RANGE_LOOP_ANALYSIS = YES;
				CLANG_WARN_STRICT_PROTOTYPES = YES;
				CLANG_WARN_SUSPICIOUS_MOVE = YES;
				CLANG_WARN_UNGUARDED_AVAILABILITY = YES_AGGRESSIVE;
				CLANG_WARN_UNREACHABLE_CODE = YES;
				CLANG_WARN__DUPLICATE_METHOD_MATCH = YES;
				COPY_PHASE_STRIP = NO;
				DEBUG_INFORMATION_FORMAT = "dwarf-with-dsym";
				ENABLE_NS_ASSERTIONS = NO;
				ENABLE_STRICT_OBJC_MSGSEND = YES;
				GCC_C_LANGUAGE_STANDARD = gnu11;
				GCC_NO_COMMON_BLOCKS = YES;
				GCC_WARN_64_TO_32_BIT_CONVERSION = YES;
				GCC_WARN_ABOUT_RETURN_TYPE = YES_ERROR;
				GCC_WARN_UNDECLARED_SELECTOR = YES;
				GCC_WARN_UNINITIALIZED_AUTOS = YES_AGGRESSIVE;
				GCC_WARN_UNUSED_FUNCTION = YES;
				GCC_WARN_UNUSED_VARIABLE = YES;
				IPHONEOS_DEPLOYMENT_TARGET = 14.3;
				MTL_ENABLE_DEBUG_INFO = NO;
				MTL_FAST_MATH = YES;
				SDKROOT = iphoneos;
				SWIFT_COMPILATION_MODE = wholemodule;
				SWIFT_OPTIMIZATION_LEVEL = "-O";
				VALIDATE_PRODUCT = YES;
			};
			name = Release;
		};
		22EE429F25B07F54004C430C /* Debug */ = {
			isa = XCBuildConfiguration;
			buildSettings = {
				ASSETCATALOG_COMPILER_APPICON_NAME = AppIcon;
				ASSETCATALOG_COMPILER_GLOBAL_ACCENT_COLOR_NAME = AccentColor;
				CODE_SIGN_STYLE = Automatic;
				DEVELOPMENT_ASSET_PATHS = "\"Africa/Preview Content\"";
				DEVELOPMENT_TEAM = EQC88F8HW8;
				ENABLE_PREVIEWS = YES;
				INFOPLIST_FILE = Africa/Info.plist;
				IPHONEOS_DEPLOYMENT_TARGET = 14.0;
				LD_RUNPATH_SEARCH_PATHS = (
					"$(inherited)",
					"@executable_path/Frameworks",
				);
				PRODUCT_BUNDLE_IDENTIFIER = com.mxy.Africa;
				PRODUCT_NAME = "$(TARGET_NAME)";
				SWIFT_VERSION = 5.0;
				TARGETED_DEVICE_FAMILY = "1,2";
			};
			name = Debug;
		};
		22EE42A025B07F54004C430C /* Release */ = {
			isa = XCBuildConfiguration;
			buildSettings = {
				ASSETCATALOG_COMPILER_APPICON_NAME = AppIcon;
				ASSETCATALOG_COMPILER_GLOBAL_ACCENT_COLOR_NAME = AccentColor;
				CODE_SIGN_STYLE = Automatic;
				DEVELOPMENT_ASSET_PATHS = "\"Africa/Preview Content\"";
				DEVELOPMENT_TEAM = EQC88F8HW8;
				ENABLE_PREVIEWS = YES;
				INFOPLIST_FILE = Africa/Info.plist;
				IPHONEOS_DEPLOYMENT_TARGET = 14.0;
				LD_RUNPATH_SEARCH_PATHS = (
					"$(inherited)",
					"@executable_path/Frameworks",
				);
				PRODUCT_BUNDLE_IDENTIFIER = com.mxy.Africa;
				PRODUCT_NAME = "$(TARGET_NAME)";
				SWIFT_VERSION = 5.0;
				TARGETED_DEVICE_FAMILY = "1,2";
			};
			name = Release;
		};
/* End XCBuildConfiguration section */

/* Begin XCConfigurationList section */
		22EE428A25B07F54004C430C /* Build configuration list for PBXProject "Africa" */ = {
			isa = XCConfigurationList;
			buildConfigurations = (
				22EE429C25B07F54004C430C /* Debug */,
				22EE429D25B07F54004C430C /* Release */,
			);
			defaultConfigurationIsVisible = 0;
			defaultConfigurationName = Release;
		};
		22EE429E25B07F54004C430C /* Build configuration list for PBXNativeTarget "Africa" */ = {
			isa = XCConfigurationList;
			buildConfigurations = (
				22EE429F25B07F54004C430C /* Debug */,
				22EE42A025B07F54004C430C /* Release */,
			);
			defaultConfigurationIsVisible = 0;
			defaultConfigurationName = Release;
		};
/* End XCConfigurationList section */
	};
	rootObject = 22EE428725B07F54004C430C /* Project object */;
}
